// !$*UTF8*$!
{
	archiveVersion = 1;
	classes = {
	};
	objectVersion = 46;
	objects = {

/* Begin PBXBuildFile section */
		247A45161A3C7A8800FA0D03 /* main.m in Sources */ = {isa = PBXBuildFile; fileRef = 247A45151A3C7A8800FA0D03 /* main.m */; };
		247A45191A3C7A8800FA0D03 /* AppDelegate.m in Sources */ = {isa = PBXBuildFile; fileRef = 247A45181A3C7A8800FA0D03 /* AppDelegate.m */; };
		247A451C1A3C7A8800FA0D03 /* ViewController.m in Sources */ = {isa = PBXBuildFile; fileRef = 247A451B1A3C7A8800FA0D03 /* ViewController.m */; };
		247A451F1A3C7A8800FA0D03 /* Main.storyboard in Resources */ = {isa = PBXBuildFile; fileRef = 247A451D1A3C7A8800FA0D03 /* Main.storyboard */; };
		247A45211A3C7A8800FA0D03 /* Images.xcassets in Resources */ = {isa = PBXBuildFile; fileRef = 247A45201A3C7A8800FA0D03 /* Images.xcassets */; };
		247A45241A3C7A8800FA0D03 /* LaunchScreen.xib in Resources */ = {isa = PBXBuildFile; fileRef = 247A45221A3C7A8800FA0D03 /* LaunchScreen.xib */; };
		247A45301A3C7A8800FA0D03 /* SWFFindingNumbersTests.m in Sources */ = {isa = PBXBuildFile; fileRef = 247A452F1A3C7A8800FA0D03 /* SWFFindingNumbersTests.m */; };
		247A453A1A3C8B8300FA0D03 /* README.md in Sources */ = {isa = PBXBuildFile; fileRef = 247A45391A3C8B8300FA0D03 /* README.md */; };
/* End PBXBuildFile section */

/* Begin PBXContainerItemProxy section */
		247A452A1A3C7A8800FA0D03 /* PBXContainerItemProxy */ = {
			isa = PBXContainerItemProxy;
			containerPortal = 247A45081A3C7A8800FA0D03 /* Project object */;
			proxyType = 1;
			remoteGlobalIDString = 247A450F1A3C7A8800FA0D03;
			remoteInfo = SWFFindingNumbers;
		};
/* End PBXContainerItemProxy section */

/* Begin PBXFileReference section */
		247A45101A3C7A8800FA0D03 /* SWFFindingNumbers.app */ = {isa = PBXFileReference; explicitFileType = wrapper.application; includeInIndex = 0; path = SWFFindingNumbers.app; sourceTree = BUILT_PRODUCTS_DIR; };
		247A45141A3C7A8800FA0D03 /* Info.plist */ = {isa = PBXFileReference; lastKnownFileType = text.plist.xml; path = Info.plist; sourceTree = "<group>"; };
		247A45151A3C7A8800FA0D03 /* main.m */ = {isa = PBXFileReference; lastKnownFileType = sourcecode.c.objc; path = main.m; sourceTree = "<group>"; };
		247A45171A3C7A8800FA0D03 /* AppDelegate.h */ = {isa = PBXFileReference; lastKnownFileType = sourcecode.c.h; path = AppDelegate.h; sourceTree = "<group>"; };
		247A45181A3C7A8800FA0D03 /* AppDelegate.m */ = {isa = PBXFileReference; lastKnownFileType = sourcecode.c.objc; path = AppDelegate.m; sourceTree = "<group>"; };
		247A451A1A3C7A8800FA0D03 /* ViewController.h */ = {isa = PBXFileReference; lastKnownFileType = sourcecode.c.h; path = ViewController.h; sourceTree = "<group>"; };
		247A451B1A3C7A8800FA0D03 /* ViewController.m */ = {isa = PBXFileReference; lastKnownFileType = sourcecode.c.objc; path = ViewController.m; sourceTree = "<group>"; };
		247A451E1A3C7A8800FA0D03 /* Base */ = {isa = PBXFileReference; lastKnownFileType = file.storyboard; name = Base; path = Base.lproj/Main.storyboard; sourceTree = "<group>"; };
		247A45201A3C7A8800FA0D03 /* Images.xcassets */ = {isa = PBXFileReference; lastKnownFileType = folder.assetcatalog; path = Images.xcassets; sourceTree = "<group>"; };
		247A45231A3C7A8800FA0D03 /* Base */ = {isa = PBXFileReference; lastKnownFileType = file.xib; name = Base; path = Base.lproj/LaunchScreen.xib; sourceTree = "<group>"; };
		247A45291A3C7A8800FA0D03 /* SWFFindingNumbersTests.xctest */ = {isa = PBXFileReference; explicitFileType = wrapper.cfbundle; includeInIndex = 0; path = SWFFindingNumbersTests.xctest; sourceTree = BUILT_PRODUCTS_DIR; };
		247A452E1A3C7A8800FA0D03 /* Info.plist */ = {isa = PBXFileReference; lastKnownFileType = text.plist.xml; path = Info.plist; sourceTree = "<group>"; };
		247A452F1A3C7A8800FA0D03 /* SWFFindingNumbersTests.m */ = {isa = PBXFileReference; lastKnownFileType = sourcecode.c.objc; path = SWFFindingNumbersTests.m; sourceTree = "<group>"; };
		247A45391A3C8B8300FA0D03 /* README.md */ = {isa = PBXFileReference; fileEncoding = 4; lastKnownFileType = net.daringfireball.markdown; path = README.md; sourceTree = SOURCE_ROOT; };
/* End PBXFileReference section */

/* Begin PBXFrameworksBuildPhase section */
		247A450D1A3C7A8800FA0D03 /* Frameworks */ = {
			isa = PBXFrameworksBuildPhase;
			buildActionMask = 2147483647;
			files = (
			);
			runOnlyForDeploymentPostprocessing = 0;
		};
		247A45261A3C7A8800FA0D03 /* Frameworks */ = {
			isa = PBXFrameworksBuildPhase;
			buildActionMask = 2147483647;
			files = (
			);
			runOnlyForDeploymentPostprocessing = 0;
		};
/* End PBXFrameworksBuildPhase section */

/* Begin PBXGroup section */
		247A45071A3C7A8800FA0D03 = {
			isa = PBXGroup;
			children = (
				247A45121A3C7A8800FA0D03 /* SWFFindingNumbers */,
				247A452C1A3C7A8800FA0D03 /* SWFFindingNumbersTests */,
				247A45111A3C7A8800FA0D03 /* Products */,
			);
			sourceTree = "<group>";
		};
		247A45111A3C7A8800FA0D03 /* Products */ = {
			isa = PBXGroup;
			children = (
				247A45101A3C7A8800FA0D03 /* SWFFindingNumbers.app */,
				247A45291A3C7A8800FA0D03 /* SWFFindingNumbersTests.xctest */,
			);
			name = Products;
			sourceTree = "<group>";
		};
		247A45121A3C7A8800FA0D03 /* SWFFindingNumbers */ = {
			isa = PBXGroup;
			children = (
				247A45391A3C8B8300FA0D03 /* README.md */,
				247A45171A3C7A8800FA0D03 /* AppDelegate.h */,
				247A45181A3C7A8800FA0D03 /* AppDelegate.m */,
				247A451A1A3C7A8800FA0D03 /* ViewController.h */,
				247A451B1A3C7A8800FA0D03 /* ViewController.m */,
				247A451D1A3C7A8800FA0D03 /* Main.storyboard */,
				247A45201A3C7A8800FA0D03 /* Images.xcassets */,
				247A45221A3C7A8800FA0D03 /* LaunchScreen.xib */,
				247A45131A3C7A8800FA0D03 /* Supporting Files */,
			);
			path = SWFFindingNumbers;
			sourceTree = "<group>";
		};
		247A45131A3C7A8800FA0D03 /* Supporting Files */ = {
			isa = PBXGroup;
			children = (
				247A45141A3C7A8800FA0D03 /* Info.plist */,
				247A45151A3C7A8800FA0D03 /* main.m */,
			);
			name = "Supporting Files";
			sourceTree = "<group>";
		};
		247A452C1A3C7A8800FA0D03 /* SWFFindingNumbersTests */ = {
			isa = PBXGroup;
			children = (
				247A452F1A3C7A8800FA0D03 /* SWFFindingNumbersTests.m */,
				247A452D1A3C7A8800FA0D03 /* Supporting Files */,
			);
			path = SWFFindingNumbersTests;
			sourceTree = "<group>";
		};
		247A452D1A3C7A8800FA0D03 /* Supporting Files */ = {
			isa = PBXGroup;
			children = (
				247A452E1A3C7A8800FA0D03 /* Info.plist */,
			);
			name = "Supporting Files";
			sourceTree = "<group>";
		};
/* End PBXGroup section */

/* Begin PBXNativeTarget section */
		247A450F1A3C7A8800FA0D03 /* SWFFindingNumbers */ = {
			isa = PBXNativeTarget;
			buildConfigurationList = 247A45331A3C7A8800FA0D03 /* Build configuration list for PBXNativeTarget "SWFFindingNumbers" */;
			buildPhases = (
				247A450C1A3C7A8800FA0D03 /* Sources */,
				247A450D1A3C7A8800FA0D03 /* Frameworks */,
				247A450E1A3C7A8800FA0D03 /* Resources */,
			);
			buildRules = (
			);
			dependencies = (
			);
			name = SWFFindingNumbers;
			productName = SWFFindingNumbers;
			productReference = 247A45101A3C7A8800FA0D03 /* SWFFindingNumbers.app */;
			productType = "com.apple.product-type.application";
		};
		247A45281A3C7A8800FA0D03 /* SWFFindingNumbersTests */ = {
			isa = PBXNativeTarget;
			buildConfigurationList = 247A45361A3C7A8800FA0D03 /* Build configuration list for PBXNativeTarget "SWFFindingNumbersTests" */;
			buildPhases = (
				247A45251A3C7A8800FA0D03 /* Sources */,
				247A45261A3C7A8800FA0D03 /* Frameworks */,
				247A45271A3C7A8800FA0D03 /* Resources */,
			);
			buildRules = (
			);
			dependencies = (
				247A452B1A3C7A8800FA0D03 /* PBXTargetDependency */,
			);
			name = SWFFindingNumbersTests;
			productName = SWFFindingNumbersTests;
			productReference = 247A45291A3C7A8800FA0D03 /* SWFFindingNumbersTests.xctest */;
			productType = "com.apple.product-type.bundle.unit-test";
		};
/* End PBXNativeTarget section */

/* Begin PBXProject section */
		247A45081A3C7A8800FA0D03 /* Project object */ = {
			isa = PBXProject;
			attributes = {
				LastUpgradeCheck = 0610;
				ORGANIZATIONNAME = "Samuel Ford";
				TargetAttributes = {
					247A450F1A3C7A8800FA0D03 = {
						CreatedOnToolsVersion = 6.1.1;
					};
					247A45281A3C7A8800FA0D03 = {
						CreatedOnToolsVersion = 6.1.1;
						TestTargetID = 247A450F1A3C7A8800FA0D03;
					};
				};
			};
			buildConfigurationList = 247A450B1A3C7A8800FA0D03 /* Build configuration list for PBXProject "SWFFindingNumbers" */;
			compatibilityVersion = "Xcode 3.2";
			developmentRegion = English;
			hasScannedForEncodings = 0;
			knownRegions = (
				en,
				Base,
			);
			mainGroup = 247A45071A3C7A8800FA0D03;
			productRefGroup = 247A45111A3C7A8800FA0D03 /* Products */;
			projectDirPath = "";
			projectRoot = "";
			targets = (
				247A450F1A3C7A8800FA0D03 /* SWFFindingNumbers */,
				247A45281A3C7A8800FA0D03 /* SWFFindingNumbersTests */,
			);
		};
/* End PBXProject section */

/* Begin PBXResourcesBuildPhase section */
		247A450E1A3C7A8800FA0D03 /* Resources */ = {
			isa = PBXResourcesBuildPhase;
			buildActionMask = 2147483647;
			files = (
				247A451F1A3C7A8800FA0D03 /* Main.storyboard in Resources */,
				247A45241A3C7A8800FA0D03 /* LaunchScreen.xib in Resources */,
				247A45211A3C7A8800FA0D03 /* Images.xcassets in Resources */,
			);
			runOnlyForDeploymentPostprocessing = 0;
		};
		247A45271A3C7A8800FA0D03 /* Resources */ = {
			isa = PBXResourcesBuildPhase;
			buildActionMask = 2147483647;
			files = (
			);
			runOnlyForDeploymentPostprocessing = 0;
		};
/* End PBXResourcesBuildPhase section */

/* Begin PBXSourcesBuildPhase section */
		247A450C1A3C7A8800FA0D03 /* Sources */ = {
			isa = PBXSourcesBuildPhase;
			buildActionMask = 2147483647;
			files = (
				247A451C1A3C7A8800FA0D03 /* ViewController.m in Sources */,
				247A45191A3C7A8800FA0D03 /* AppDelegate.m in Sources */,
				247A453A1A3C8B8300FA0D03 /* README.md in Sources */,
				247A45161A3C7A8800FA0D03 /* main.m in Sources */,
			);
			runOnlyForDeploymentPostprocessing = 0;
		};
		247A45251A3C7A8800FA0D03 /* Sources */ = {
			isa = PBXSourcesBuildPhase;
			buildActionMask = 2147483647;
			files = (
				247A45301A3C7A8800FA0D03 /* SWFFindingNumbersTests.m in Sources */,
			);
			runOnlyForDeploymentPostprocessing = 0;
		};
/* End PBXSourcesBuildPhase section */

/* Begin PBXTargetDependency section */
		247A452B1A3C7A8800FA0D03 /* PBXTargetDependency */ = {
			isa = PBXTargetDependency;
			target = 247A450F1A3C7A8800FA0D03 /* SWFFindingNumbers */;
			targetProxy = 247A452A1A3C7A8800FA0D03 /* PBXContainerItemProxy */;
		};
/* End PBXTargetDependency section */

/* Begin PBXVariantGroup section */
		247A451D1A3C7A8800FA0D03 /* Main.storyboard */ = {
			isa = PBXVariantGroup;
			children = (
				247A451E1A3C7A8800FA0D03 /* Base */,
			);
			name = Main.storyboard;
			sourceTree = "<group>";
		};
		247A45221A3C7A8800FA0D03 /* LaunchScreen.xib */ = {
			isa = PBXVariantGroup;
			children = (
				247A45231A3C7A8800FA0D03 /* Base */,
			);
			name = LaunchScreen.xib;
			sourceTree = "<group>";
		};
/* End PBXVariantGroup section */

/* Begin XCBuildConfiguration section */
		247A45311A3C7A8800FA0D03 /* Debug */ = {
			isa = XCBuildConfiguration;
			buildSettings = {
				ALWAYS_SEARCH_USER_PATHS = NO;
				CLANG_CXX_LANGUAGE_STANDARD = "gnu++0x";
				CLANG_CXX_LIBRARY = "libc++";
				CLANG_ENABLE_MODULES = YES;
				CLANG_ENABLE_OBJC_ARC = YES;
				CLANG_WARN_BOOL_CONVERSION = YES;
				CLANG_WARN_CONSTANT_CONVERSION = YES;
				CLANG_WARN_DIRECT_OBJC_ISA_USAGE = YES_ERROR;
				CLANG_WARN_EMPTY_BODY = YES;
				CLANG_WARN_ENUM_CONVERSION = YES;
				CLANG_WARN_INT_CONVERSION = YES;
				CLANG_WARN_OBJC_ROOT_CLASS = YES_ERROR;
				CLANG_WARN_UNREACHABLE_CODE = YES;
				CLANG_WARN__DUPLICATE_METHOD_MATCH = YES;
				"CODE_SIGN_IDENTITY[sdk=iphoneos*]" = "iPhone Developer";
				COPY_PHASE_STRIP = NO;
				ENABLE_STRICT_OBJC_MSGSEND = YES;
				GCC_C_LANGUAGE_STANDARD = gnu99;
				GCC_DYNAMIC_NO_PIC = NO;
				GCC_OPTIMIZATION_LEVEL = 0;
				GCC_PREPROCESSOR_DEFINITIONS = (
					"DEBUG=1",
					"$(inherited)",
				);
				GCC_SYMBOLS_PRIVATE_EXTERN = NO;
				GCC_WARN_64_TO_32_BIT_CONVERSION = YES;
				GCC_WARN_ABOUT_RETURN_TYPE = YES_ERROR;
				GCC_WARN_UNDECLARED_SELECTOR = YES;
				GCC_WARN_UNINITIALIZED_AUTOS = YES_AGGRESSIVE;
				GCC_WARN_UNUSED_FUNCTION = YES;
				GCC_WARN_UNUSED_VARIABLE = YES;
				IPHONEOS_DEPLOYMENT_TARGET = 8.1;
				MTL_ENABLE_DEBUG_INFO = YES;
				ONLY_ACTIVE_ARCH = YES;
				SDKROOT = iphoneos;
				TARGETED_DEVICE_FAMILY = "1,2";
			};
			name = Debug;
		};
		247A45321A3C7A8800FA0D03 /* Release */ = {
			isa = XCBuildConfiguration;
			buildSettings = {
				ALWAYS_SEARCH_USER_PATHS = NO;
				CLANG_CXX_LANGUAGE_STANDARD = "gnu++0x";
				CLANG_CXX_LIBRARY = "libc++";
				CLANG_ENABLE_MODULES = YES;
				CLANG_ENABLE_OBJC_ARC = YES;
				CLANG_WARN_BOOL_CONVERSION = YES;
				CLANG_WARN_CONSTANT_CONVERSION = YES;
				CLANG_WARN_DIRECT_OBJC_ISA_USAGE = YES_ERROR;
				CLANG_WARN_EMPTY_BODY = YES;
				CLANG_WARN_ENUM_CONVERSION = YES;
				CLANG_WARN_INT_CONVERSION = YES;
				CLANG_WARN_OBJC_ROOT_CLASS = YES_ERROR;
				CLANG_WARN_UNREACHABLE_CODE = YES;
				CLANG_WARN__DUPLICATE_METHOD_MATCH = YES;
				"CODE_SIGN_IDENTITY[sdk=iphoneos*]" = "iPhone Developer";
				COPY_PHASE_STRIP = YES;
				ENABLE_NS_ASSERTIONS = NO;
				ENABLE_STRICT_OBJC_MSGSEND = YES;
				GCC_C_LANGUAGE_STANDARD = gnu99;
				GCC_WARN_64_TO_32_BIT_CONVERSION = YES;
				GCC_WARN_ABOUT_RETURN_TYPE = YES_ERROR;
				GCC_WARN_UNDECLARED_SELECTOR = YES;
				GCC_WARN_UNINITIALIZED_AUTOS = YES_AGGRESSIVE;
				GCC_WARN_UNUSED_FUNCTION = YES;
				GCC_WARN_UNUSED_VARIABLE = YES;
				IPHONEOS_DEPLOYMENT_TARGET = 8.1;
				MTL_ENABLE_DEBUG_INFO = NO;
				SDKROOT = iphoneos;
				TARGETED_DEVICE_FAMILY = "1,2";
				VALIDATE_PRODUCT = YES;
			};
			name = Release;
		};
		247A45341A3C7A8800FA0D03 /* Debug */ = {
			isa = XCBuildConfiguration;
			buildSettings = {
				ASSETCATALOG_COMPILER_APPICON_NAME = AppIcon;
				INFOPLIST_FILE = SWFFindingNumbers/Info.plist;
				LD_RUNPATH_SEARCH_PATHS = "$(inherited) @executable_path/Frameworks";
				PRODUCT_NAME = "$(TARGET_NAME)";
			};
			name = Debug;
		};
		247A45351A3C7A8800FA0D03 /* Release */ = {
			isa = XCBuildConfiguration;
			buildSettings = {
				ASSETCATALOG_COMPILER_APPICON_NAME = AppIcon;
				INFOPLIST_FILE = SWFFindingNumbers/Info.plist;
				LD_RUNPATH_SEARCH_PATHS = "$(inherited) @executable_path/Frameworks";
				PRODUCT_NAME = "$(TARGET_NAME)";
			};
			name = Release;
		};
		247A45371A3C7A8800FA0D03 /* Debug */ = {
			isa = XCBuildConfiguration;
			buildSettings = {
				BUNDLE_LOADER = "$(TEST_HOST)";
				FRAMEWORK_SEARCH_PATHS = (
					"$(SDKROOT)/Developer/Library/Frameworks",
					"$(inherited)",
				);
				GCC_PREPROCESSOR_DEFINITIONS = (
					"DEBUG=1",
					"$(inherited)",
				);
				INFOPLIST_FILE = SWFFindingNumbersTests/Info.plist;
				LD_RUNPATH_SEARCH_PATHS = "$(inherited) @executable_path/Frameworks @loader_path/Frameworks";
				PRODUCT_NAME = "$(TARGET_NAME)";
				TEST_HOST = "$(BUILT_PRODUCTS_DIR)/SWFFindingNumbers.app/SWFFindingNumbers";
			};
			name = Debug;
		};
		247A45381A3C7A8800FA0D03 /* Release */ = {
			isa = XCBuildConfiguration;
			buildSettings = {
				BUNDLE_LOADER = "$(TEST_HOST)";
				FRAMEWORK_SEARCH_PATHS = (
					"$(SDKROOT)/Developer/Library/Frameworks",
					"$(inherited)",
				);
				INFOPLIST_FILE = SWFFindingNumbersTests/Info.plist;
				LD_RUNPATH_SEARCH_PATHS = "$(inherited) @executable_path/Frameworks @loader_path/Frameworks";
				PRODUCT_NAME = "$(TARGET_NAME)";
				TEST_HOST = "$(BUILT_PRODUCTS_DIR)/SWFFindingNumbers.app/SWFFindingNumbers";
			};
			name = Release;
		};
/* End XCBuildConfiguration section */

/* Begin XCConfigurationList section */
		247A450B1A3C7A8800FA0D03 /* Build configuration list for PBXProject "SWFFindingNumbers" */ = {
			isa = XCConfigurationList;
			buildConfigurations = (
				247A45311A3C7A8800FA0D03 /* Debug */,
				247A45321A3C7A8800FA0D03 /* Release */,
			);
			defaultConfigurationIsVisible = 0;
			defaultConfigurationName = Release;
		};
		247A45331A3C7A8800FA0D03 /* Build configuration list for PBXNativeTarget "SWFFindingNumbers" */ = {
			isa = XCConfigurationList;
			buildConfigurations = (
				247A45341A3C7A8800FA0D03 /* Debug */,
				247A45351A3C7A8800FA0D03 /* Release */,
			);
			defaultConfigurationIsVisible = 0;
		};
		247A45361A3C7A8800FA0D03 /* Build configuration list for PBXNativeTarget "SWFFindingNumbersTests" */ = {
			isa = XCConfigurationList;
			buildConfigurations = (
				247A45371A3C7A8800FA0D03 /* Debug */,
				247A45381A3C7A8800FA0D03 /* Release */,
			);
			defaultConfigurationIsVisible = 0;
		};
/* End XCConfigurationList section */
	};
	rootObject = 247A45081A3C7A8800FA0D03 /* Project object */;
}
